// !$*UTF8*$!
{
	archiveVersion = 1;
	classes = {
	};
	objectVersion = 56;
	objects = {

/* Begin PBXBuildFile section */
		CAA04DDC293013D2005E806A /* learningApp.swift in Sources */ = {isa = PBXBuildFile; fileRef = CAA04DDB293013D2005E806A /* learningApp.swift */; };
		CAA04DDE293013D2005E806A /* ContentView.swift in Sources */ = {isa = PBXBuildFile; fileRef = CAA04DDD293013D2005E806A /* ContentView.swift */; };
		CAA04DE0293013D4005E806A /* Assets.xcassets in Resources */ = {isa = PBXBuildFile; fileRef = CAA04DDF293013D4005E806A /* Assets.xcassets */; };
		CAA04DE4293013D4005E806A /* Preview Assets.xcassets in Resources */ = {isa = PBXBuildFile; fileRef = CAA04DE3293013D4005E806A /* Preview Assets.xcassets */; };
		CAA04DEE293013D4005E806A /* pickupTests.swift in Sources */ = {isa = PBXBuildFile; fileRef = CAA04DED293013D4005E806A /* pickupTests.swift */; };
		CAA04DF8293013D4005E806A /* pickupUITests.swift in Sources */ = {isa = PBXBuildFile; fileRef = CAA04DF7293013D4005E806A /* pickupUITests.swift */; };
		CAA04DFA293013D4005E806A /* pickupUITestsLaunchTests.swift in Sources */ = {isa = PBXBuildFile; fileRef = CAA04DF9293013D4005E806A /* pickupUITestsLaunchTests.swift */; };
		CAEE36C329317D7F00FB6799 /* FullSportDetailModel.swift in Sources */ = {isa = PBXBuildFile; fileRef = CAEE36C229317D7F00FB6799 /* FullSportDetailModel.swift */; };
		CAEE36CA29343F7F00FB6799 /* NewAccountView.swift in Sources */ = {isa = PBXBuildFile; fileRef = CAEE36C929343F7F00FB6799 /* NewAccountView.swift */; };
		CAEE36CC293443CB00FB6799 /* NewAccountViewModel.swift in Sources */ = {isa = PBXBuildFile; fileRef = CAEE36CB293443CB00FB6799 /* NewAccountViewModel.swift */; };
		CAEE36CE2934444500FB6799 /* AccountRepository.swift in Sources */ = {isa = PBXBuildFile; fileRef = CAEE36CD2934444500FB6799 /* AccountRepository.swift */; };
		CAF96BE82930612600A87B30 /* HomeView.swift in Sources */ = {isa = PBXBuildFile; fileRef = CAF96BE72930612600A87B30 /* HomeView.swift */; };
		CAF96BEA29307DB200A87B30 /* SportBadgeModel.swift in Sources */ = {isa = PBXBuildFile; fileRef = CAF96BE929307DB200A87B30 /* SportBadgeModel.swift */; };
		CAF96BEC2930844000A87B30 /* ContentViewModel.swift in Sources */ = {isa = PBXBuildFile; fileRef = CAF96BEB2930844000A87B30 /* ContentViewModel.swift */; };
		CAF96BEE29309A7D00A87B30 /* HomeViewModel.swift in Sources */ = {isa = PBXBuildFile; fileRef = CAF96BED29309A7D00A87B30 /* HomeViewModel.swift */; };
		CAF96BF02930A5CC00A87B30 /* HomeViewRepository.swift in Sources */ = {isa = PBXBuildFile; fileRef = CAF96BEF2930A5CC00A87B30 /* HomeViewRepository.swift */; };
		CAF96BF22930B68F00A87B30 /* SportDetailView.swift in Sources */ = {isa = PBXBuildFile; fileRef = CAF96BF12930B68F00A87B30 /* SportDetailView.swift */; };
		CAF96BF42930B7B900A87B30 /* SportDetailViewModel.swift in Sources */ = {isa = PBXBuildFile; fileRef = CAF96BF32930B7B900A87B30 /* SportDetailViewModel.swift */; };
		CAF96BF62930BCB200A87B30 /* SportDetailRepository.swift in Sources */ = {isa = PBXBuildFile; fileRef = CAF96BF52930BCB200A87B30 /* SportDetailRepository.swift */; };
/* End PBXBuildFile section */

/* Begin PBXContainerItemProxy section */
		CAA04DEA293013D4005E806A /* PBXContainerItemProxy */ = {
			isa = PBXContainerItemProxy;
			containerPortal = CAA04DD0293013D2005E806A /* Project object */;
			proxyType = 1;
			remoteGlobalIDString = CAA04DD7293013D2005E806A;
			remoteInfo = learning;
		};
		CAA04DF4293013D4005E806A /* PBXContainerItemProxy */ = {
			isa = PBXContainerItemProxy;
			containerPortal = CAA04DD0293013D2005E806A /* Project object */;
			proxyType = 1;
			remoteGlobalIDString = CAA04DD7293013D2005E806A;
			remoteInfo = learning;
		};
/* End PBXContainerItemProxy section */

/* Begin PBXFileReference section */
		CAA04DD8293013D2005E806A /* PickUp.app */ = {isa = PBXFileReference; explicitFileType = wrapper.application; includeInIndex = 0; path = PickUp.app; sourceTree = BUILT_PRODUCTS_DIR; };
		CAA04DDB293013D2005E806A /* learningApp.swift */ = {isa = PBXFileReference; lastKnownFileType = sourcecode.swift; path = learningApp.swift; sourceTree = "<group>"; };
		CAA04DDD293013D2005E806A /* ContentView.swift */ = {isa = PBXFileReference; lastKnownFileType = sourcecode.swift; path = ContentView.swift; sourceTree = "<group>"; };
		CAA04DDF293013D4005E806A /* Assets.xcassets */ = {isa = PBXFileReference; lastKnownFileType = folder.assetcatalog; path = Assets.xcassets; sourceTree = "<group>"; };
		CAA04DE1293013D4005E806A /* pickup.entitlements */ = {isa = PBXFileReference; lastKnownFileType = text.plist.entitlements; path = pickup.entitlements; sourceTree = "<group>"; };
		CAA04DE3293013D4005E806A /* Preview Assets.xcassets */ = {isa = PBXFileReference; lastKnownFileType = folder.assetcatalog; path = "Preview Assets.xcassets"; sourceTree = "<group>"; };
		CAA04DE9293013D4005E806A /* PickUpTests.xctest */ = {isa = PBXFileReference; explicitFileType = wrapper.cfbundle; includeInIndex = 0; path = PickUpTests.xctest; sourceTree = BUILT_PRODUCTS_DIR; };
		CAA04DED293013D4005E806A /* pickupTests.swift */ = {isa = PBXFileReference; lastKnownFileType = sourcecode.swift; path = pickupTests.swift; sourceTree = "<group>"; };
		CAA04DF3293013D4005E806A /* PickUpUITests.xctest */ = {isa = PBXFileReference; explicitFileType = wrapper.cfbundle; includeInIndex = 0; path = PickUpUITests.xctest; sourceTree = BUILT_PRODUCTS_DIR; };
		CAA04DF7293013D4005E806A /* pickupUITests.swift */ = {isa = PBXFileReference; lastKnownFileType = sourcecode.swift; path = pickupUITests.swift; sourceTree = "<group>"; };
		CAA04DF9293013D4005E806A /* pickupUITestsLaunchTests.swift */ = {isa = PBXFileReference; lastKnownFileType = sourcecode.swift; path = pickupUITestsLaunchTests.swift; sourceTree = "<group>"; };
		CAEE36C229317D7F00FB6799 /* FullSportDetailModel.swift */ = {isa = PBXFileReference; lastKnownFileType = sourcecode.swift; path = FullSportDetailModel.swift; sourceTree = "<group>"; };
		CAEE36C929343F7F00FB6799 /* NewAccountView.swift */ = {isa = PBXFileReference; lastKnownFileType = sourcecode.swift; path = NewAccountView.swift; sourceTree = "<group>"; };
		CAEE36CB293443CB00FB6799 /* NewAccountViewModel.swift */ = {isa = PBXFileReference; lastKnownFileType = sourcecode.swift; path = NewAccountViewModel.swift; sourceTree = "<group>"; };
		CAEE36CD2934444500FB6799 /* AccountRepository.swift */ = {isa = PBXFileReference; lastKnownFileType = sourcecode.swift; path = AccountRepository.swift; sourceTree = "<group>"; };
		CAF96BE72930612600A87B30 /* HomeView.swift */ = {isa = PBXFileReference; lastKnownFileType = sourcecode.swift; path = HomeView.swift; sourceTree = "<group>"; };
		CAF96BE929307DB200A87B30 /* SportBadgeModel.swift */ = {isa = PBXFileReference; lastKnownFileType = sourcecode.swift; path = SportBadgeModel.swift; sourceTree = "<group>"; };
		CAF96BEB2930844000A87B30 /* ContentViewModel.swift */ = {isa = PBXFileReference; lastKnownFileType = sourcecode.swift; path = ContentViewModel.swift; sourceTree = "<group>"; };
		CAF96BED29309A7D00A87B30 /* HomeViewModel.swift */ = {isa = PBXFileReference; lastKnownFileType = sourcecode.swift; path = HomeViewModel.swift; sourceTree = "<group>"; };
		CAF96BEF2930A5CC00A87B30 /* HomeViewRepository.swift */ = {isa = PBXFileReference; lastKnownFileType = sourcecode.swift; path = HomeViewRepository.swift; sourceTree = "<group>"; };
		CAF96BF12930B68F00A87B30 /* SportDetailView.swift */ = {isa = PBXFileReference; lastKnownFileType = sourcecode.swift; path = SportDetailView.swift; sourceTree = "<group>"; };
		CAF96BF32930B7B900A87B30 /* SportDetailViewModel.swift */ = {isa = PBXFileReference; lastKnownFileType = sourcecode.swift; path = SportDetailViewModel.swift; sourceTree = "<group>"; };
		CAF96BF52930BCB200A87B30 /* SportDetailRepository.swift */ = {isa = PBXFileReference; lastKnownFileType = sourcecode.swift; path = SportDetailRepository.swift; sourceTree = "<group>"; };
/* End PBXFileReference section */

/* Begin PBXFrameworksBuildPhase section */
		CAA04DD5293013D2005E806A /* Frameworks */ = {
			isa = PBXFrameworksBuildPhase;
			buildActionMask = 2147483647;
			files = (
			);
			runOnlyForDeploymentPostprocessing = 0;
		};
		CAA04DE6293013D4005E806A /* Frameworks */ = {
			isa = PBXFrameworksBuildPhase;
			buildActionMask = 2147483647;
			files = (
			);
			runOnlyForDeploymentPostprocessing = 0;
		};
		CAA04DF0293013D4005E806A /* Frameworks */ = {
			isa = PBXFrameworksBuildPhase;
			buildActionMask = 2147483647;
			files = (
			);
			runOnlyForDeploymentPostprocessing = 0;
		};
/* End PBXFrameworksBuildPhase section */

/* Begin PBXGroup section */
		CAA04DCF293013D2005E806A = {
			isa = PBXGroup;
			children = (
				CAA04DDA293013D2005E806A /* pickup */,
				CAA04DEC293013D4005E806A /* pickupTests */,
				CAA04DF6293013D4005E806A /* pickupUITests */,
				CAA04DD9293013D2005E806A /* Products */,
			);
			sourceTree = "<group>";
		};
		CAA04DD9293013D2005E806A /* Products */ = {
			isa = PBXGroup;
			children = (
				CAA04DD8293013D2005E806A /* PickUp.app */,
				CAA04DE9293013D4005E806A /* PickUpTests.xctest */,
				CAA04DF3293013D4005E806A /* PickUpUITests.xctest */,
			);
			name = Products;
			sourceTree = "<group>";
		};
		CAA04DDA293013D2005E806A /* pickup */ = {
			isa = PBXGroup;
			children = (
				CAEE36C829317E1300FB6799 /* Repo */,
				CAEE36C529317DB700FB6799 /* UI */,
				CAEE36C429317D9600FB6799 /* Models */,
				CAA04DDF293013D4005E806A /* Assets.xcassets */,
				CAA04DE1293013D4005E806A /* pickup.entitlements */,
				CAA04DE2293013D4005E806A /* Preview Content */,
			);
			path = pickup;
			sourceTree = "<group>";
		};
		CAA04DE2293013D4005E806A /* Preview Content */ = {
			isa = PBXGroup;
			children = (
				CAA04DE3293013D4005E806A /* Preview Assets.xcassets */,
			);
			path = "Preview Content";
			sourceTree = "<group>";
		};
		CAA04DEC293013D4005E806A /* pickupTests */ = {
			isa = PBXGroup;
			children = (
				CAA04DED293013D4005E806A /* pickupTests.swift */,
			);
			path = pickupTests;
			sourceTree = "<group>";
		};
		CAA04DF6293013D4005E806A /* pickupUITests */ = {
			isa = PBXGroup;
			children = (
				CAA04DF7293013D4005E806A /* pickupUITests.swift */,
				CAA04DF9293013D4005E806A /* pickupUITestsLaunchTests.swift */,
			);
			path = pickupUITests;
			sourceTree = "<group>";
		};
		CAEE36C429317D9600FB6799 /* Models */ = {
			isa = PBXGroup;
			children = (
				CAEE36C229317D7F00FB6799 /* FullSportDetailModel.swift */,
				CAF96BE929307DB200A87B30 /* SportBadgeModel.swift */,
			);
			path = Models;
			sourceTree = "<group>";
		};
		CAEE36C529317DB700FB6799 /* UI */ = {
			isa = PBXGroup;
			children = (
				CAEE36C729317DF700FB6799 /* ViewModel */,
				CAA04DDB293013D2005E806A /* learningApp.swift */,
				CAA04DDD293013D2005E806A /* ContentView.swift */,
				CAF96BF12930B68F00A87B30 /* SportDetailView.swift */,
				CAF96BE72930612600A87B30 /* HomeView.swift */,
				CAEE36C929343F7F00FB6799 /* NewAccountView.swift */,
			);
			path = UI;
			sourceTree = "<group>";
		};
		CAEE36C729317DF700FB6799 /* ViewModel */ = {
			isa = PBXGroup;
			children = (
				CAF96BED29309A7D00A87B30 /* HomeViewModel.swift */,
				CAF96BEB2930844000A87B30 /* ContentViewModel.swift */,
				CAF96BF32930B7B900A87B30 /* SportDetailViewModel.swift */,
				CAEE36CB293443CB00FB6799 /* NewAccountViewModel.swift */,
			);
			path = ViewModel;
			sourceTree = "<group>";
		};
		CAEE36C829317E1300FB6799 /* Repo */ = {
			isa = PBXGroup;
			children = (
				CAF96BEF2930A5CC00A87B30 /* HomeViewRepository.swift */,
				CAF96BF52930BCB200A87B30 /* SportDetailRepository.swift */,
				CAEE36CD2934444500FB6799 /* AccountRepository.swift */,
			);
			path = Repo;
			sourceTree = "<group>";
		};
/* End PBXGroup section */

/* Begin PBXNativeTarget section */
		CAA04DD7293013D2005E806A /* PickUp */ = {
			isa = PBXNativeTarget;
			buildConfigurationList = CAA04DFD293013D4005E806A /* Build configuration list for PBXNativeTarget "PickUp" */;
			buildPhases = (
				CAA04DD4293013D2005E806A /* Sources */,
				CAA04DD5293013D2005E806A /* Frameworks */,
				CAA04DD6293013D2005E806A /* Resources */,
			);
			buildRules = (
			);
			dependencies = (
			);
			name = PickUp;
			productName = learning;
			productReference = CAA04DD8293013D2005E806A /* PickUp.app */;
			productType = "com.apple.product-type.application";
		};
		CAA04DE8293013D4005E806A /* PickUpTests */ = {
			isa = PBXNativeTarget;
			buildConfigurationList = CAA04E00293013D4005E806A /* Build configuration list for PBXNativeTarget "PickUpTests" */;
			buildPhases = (
				CAA04DE5293013D4005E806A /* Sources */,
				CAA04DE6293013D4005E806A /* Frameworks */,
				CAA04DE7293013D4005E806A /* Resources */,
			);
			buildRules = (
			);
			dependencies = (
				CAA04DEB293013D4005E806A /* PBXTargetDependency */,
			);
			name = PickUpTests;
			productName = learningTests;
			productReference = CAA04DE9293013D4005E806A /* PickUpTests.xctest */;
			productType = "com.apple.product-type.bundle.unit-test";
		};
		CAA04DF2293013D4005E806A /* PickUpUITests */ = {
			isa = PBXNativeTarget;
			buildConfigurationList = CAA04E03293013D4005E806A /* Build configuration list for PBXNativeTarget "PickUpUITests" */;
			buildPhases = (
				CAA04DEF293013D4005E806A /* Sources */,
				CAA04DF0293013D4005E806A /* Frameworks */,
				CAA04DF1293013D4005E806A /* Resources */,
			);
			buildRules = (
			);
			dependencies = (
				CAA04DF5293013D4005E806A /* PBXTargetDependency */,
			);
			name = PickUpUITests;
			productName = learningUITests;
			productReference = CAA04DF3293013D4005E806A /* PickUpUITests.xctest */;
			productType = "com.apple.product-type.bundle.ui-testing";
		};
/* End PBXNativeTarget section */

/* Begin PBXProject section */
		CAA04DD0293013D2005E806A /* Project object */ = {
			isa = PBXProject;
			attributes = {
				BuildIndependentTargetsInParallel = 1;
				LastSwiftUpdateCheck = 1400;
				LastUpgradeCheck = 1400;
				TargetAttributes = {
					CAA04DD7293013D2005E806A = {
						CreatedOnToolsVersion = 14.0.1;
					};
					CAA04DE8293013D4005E806A = {
						CreatedOnToolsVersion = 14.0.1;
						TestTargetID = CAA04DD7293013D2005E806A;
					};
					CAA04DF2293013D4005E806A = {
						CreatedOnToolsVersion = 14.0.1;
						TestTargetID = CAA04DD7293013D2005E806A;
					};
				};
			};
			buildConfigurationList = CAA04DD3293013D2005E806A /* Build configuration list for PBXProject "PickUp" */;
			compatibilityVersion = "Xcode 14.0";
			developmentRegion = en;
			hasScannedForEncodings = 0;
			knownRegions = (
				en,
				Base,
			);
			mainGroup = CAA04DCF293013D2005E806A;
			productRefGroup = CAA04DD9293013D2005E806A /* Products */;
			projectDirPath = "";
			projectRoot = "";
			targets = (
				CAA04DD7293013D2005E806A /* PickUp */,
				CAA04DE8293013D4005E806A /* PickUpTests */,
				CAA04DF2293013D4005E806A /* PickUpUITests */,
			);
		};
/* End PBXProject section */

/* Begin PBXResourcesBuildPhase section */
		CAA04DD6293013D2005E806A /* Resources */ = {
			isa = PBXResourcesBuildPhase;
			buildActionMask = 2147483647;
			files = (
				CAA04DE4293013D4005E806A /* Preview Assets.xcassets in Resources */,
				CAA04DE0293013D4005E806A /* Assets.xcassets in Resources */,
			);
			runOnlyForDeploymentPostprocessing = 0;
		};
		CAA04DE7293013D4005E806A /* Resources */ = {
			isa = PBXResourcesBuildPhase;
			buildActionMask = 2147483647;
			files = (
			);
			runOnlyForDeploymentPostprocessing = 0;
		};
		CAA04DF1293013D4005E806A /* Resources */ = {
			isa = PBXResourcesBuildPhase;
			buildActionMask = 2147483647;
			files = (
			);
			runOnlyForDeploymentPostprocessing = 0;
		};
/* End PBXResourcesBuildPhase section */

/* Begin PBXSourcesBuildPhase section */
		CAA04DD4293013D2005E806A /* Sources */ = {
			isa = PBXSourcesBuildPhase;
			buildActionMask = 2147483647;
			files = (
				CAF96BEA29307DB200A87B30 /* SportBadgeModel.swift in Sources */,
				CAEE36CA29343F7F00FB6799 /* NewAccountView.swift in Sources */,
				CAF96BF02930A5CC00A87B30 /* HomeViewRepository.swift in Sources */,
				CAF96BEE29309A7D00A87B30 /* HomeViewModel.swift in Sources */,
				CAF96BF62930BCB200A87B30 /* SportDetailRepository.swift in Sources */,
				CAF96BE82930612600A87B30 /* HomeView.swift in Sources */,
				CAA04DDE293013D2005E806A /* ContentView.swift in Sources */,
				CAEE36CE2934444500FB6799 /* AccountRepository.swift in Sources */,
				CAEE36C329317D7F00FB6799 /* FullSportDetailModel.swift in Sources */,
				CAA04DDC293013D2005E806A /* learningApp.swift in Sources */,
				CAF96BF42930B7B900A87B30 /* SportDetailViewModel.swift in Sources */,
				CAF96BF22930B68F00A87B30 /* SportDetailView.swift in Sources */,
				CAF96BEC2930844000A87B30 /* ContentViewModel.swift in Sources */,
				CAEE36CC293443CB00FB6799 /* NewAccountViewModel.swift in Sources */,
			);
			runOnlyForDeploymentPostprocessing = 0;
		};
		CAA04DE5293013D4005E806A /* Sources */ = {
			isa = PBXSourcesBuildPhase;
			buildActionMask = 2147483647;
			files = (
				CAA04DEE293013D4005E806A /* pickupTests.swift in Sources */,
			);
			runOnlyForDeploymentPostprocessing = 0;
		};
		CAA04DEF293013D4005E806A /* Sources */ = {
			isa = PBXSourcesBuildPhase;
			buildActionMask = 2147483647;
			files = (
				CAA04DFA293013D4005E806A /* pickupUITestsLaunchTests.swift in Sources */,
				CAA04DF8293013D4005E806A /* pickupUITests.swift in Sources */,
			);
			runOnlyForDeploymentPostprocessing = 0;
		};
/* End PBXSourcesBuildPhase section */

/* Begin PBXTargetDependency section */
		CAA04DEB293013D4005E806A /* PBXTargetDependency */ = {
			isa = PBXTargetDependency;
			target = CAA04DD7293013D2005E806A /* PickUp */;
			targetProxy = CAA04DEA293013D4005E806A /* PBXContainerItemProxy */;
		};
		CAA04DF5293013D4005E806A /* PBXTargetDependency */ = {
			isa = PBXTargetDependency;
			target = CAA04DD7293013D2005E806A /* PickUp */;
			targetProxy = CAA04DF4293013D4005E806A /* PBXContainerItemProxy */;
		};
/* End PBXTargetDependency section */

/* Begin XCBuildConfiguration section */
		CAA04DFB293013D4005E806A /* Debug */ = {
			isa = XCBuildConfiguration;
			buildSettings = {
				ALWAYS_SEARCH_USER_PATHS = NO;
				CLANG_ANALYZER_NONNULL = YES;
				CLANG_ANALYZER_NUMBER_OBJECT_CONVERSION = YES_AGGRESSIVE;
				CLANG_CXX_LANGUAGE_STANDARD = "gnu++20";
				CLANG_ENABLE_MODULES = YES;
				CLANG_ENABLE_OBJC_ARC = YES;
				CLANG_ENABLE_OBJC_WEAK = YES;
				CLANG_WARN_BLOCK_CAPTURE_AUTORELEASING = YES;
				CLANG_WARN_BOOL_CONVERSION = YES;
				CLANG_WARN_COMMA = YES;
				CLANG_WARN_CONSTANT_CONVERSION = YES;
				CLANG_WARN_DEPRECATED_OBJC_IMPLEMENTATIONS = YES;
				CLANG_WARN_DIRECT_OBJC_ISA_USAGE = YES_ERROR;
				CLANG_WARN_DOCUMENTATION_COMMENTS = YES;
				CLANG_WARN_EMPTY_BODY = YES;
				CLANG_WARN_ENUM_CONVERSION = YES;
				CLANG_WARN_INFINITE_RECURSION = YES;
				CLANG_WARN_INT_CONVERSION = YES;
				CLANG_WARN_NON_LITERAL_NULL_CONVERSION = YES;
				CLANG_WARN_OBJC_IMPLICIT_RETAIN_SELF = YES;
				CLANG_WARN_OBJC_LITERAL_CONVERSION = YES;
				CLANG_WARN_OBJC_ROOT_CLASS = YES_ERROR;
				CLANG_WARN_QUOTED_INCLUDE_IN_FRAMEWORK_HEADER = YES;
				CLANG_WARN_RANGE_LOOP_ANALYSIS = YES;
				CLANG_WARN_STRICT_PROTOTYPES = YES;
				CLANG_WARN_SUSPICIOUS_MOVE = YES;
				CLANG_WARN_UNGUARDED_AVAILABILITY = YES_AGGRESSIVE;
				CLANG_WARN_UNREACHABLE_CODE = YES;
				CLANG_WARN__DUPLICATE_METHOD_MATCH = YES;
				COPY_PHASE_STRIP = NO;
				DEBUG_INFORMATION_FORMAT = dwarf;
				ENABLE_STRICT_OBJC_MSGSEND = YES;
				ENABLE_TESTABILITY = YES;
				GCC_C_LANGUAGE_STANDARD = gnu11;
				GCC_DYNAMIC_NO_PIC = NO;
				GCC_NO_COMMON_BLOCKS = YES;
				GCC_OPTIMIZATION_LEVEL = 0;
				GCC_PREPROCESSOR_DEFINITIONS = (
					"DEBUG=1",
					"$(inherited)",
				);
				GCC_WARN_64_TO_32_BIT_CONVERSION = YES;
				GCC_WARN_ABOUT_RETURN_TYPE = YES_ERROR;
				GCC_WARN_UNDECLARED_SELECTOR = YES;
				GCC_WARN_UNINITIALIZED_AUTOS = YES_AGGRESSIVE;
				GCC_WARN_UNUSED_FUNCTION = YES;
				GCC_WARN_UNUSED_VARIABLE = YES;
				MTL_ENABLE_DEBUG_INFO = INCLUDE_SOURCE;
				MTL_FAST_MATH = YES;
				ONLY_ACTIVE_ARCH = YES;
				SWIFT_ACTIVE_COMPILATION_CONDITIONS = DEBUG;
				SWIFT_OPTIMIZATION_LEVEL = "-Onone";
			};
			name = Debug;
		};
		CAA04DFC293013D4005E806A /* Release */ = {
			isa = XCBuildConfiguration;
			buildSettings = {
				ALWAYS_SEARCH_USER_PATHS = NO;
				CLANG_ANALYZER_NONNULL = YES;
				CLANG_ANALYZER_NUMBER_OBJECT_CONVERSION = YES_AGGRESSIVE;
				CLANG_CXX_LANGUAGE_STANDARD = "gnu++20";
				CLANG_ENABLE_MODULES = YES;
				CLANG_ENABLE_OBJC_ARC = YES;
				CLANG_ENABLE_OBJC_WEAK = YES;
				CLANG_WARN_BLOCK_CAPTURE_AUTORELEASING = YES;
				CLANG_WARN_BOOL_CONVERSION = YES;
				CLANG_WARN_COMMA = YES;
				CLANG_WARN_CONSTANT_CONVERSION = YES;
				CLANG_WARN_DEPRECATED_OBJC_IMPLEMENTATIONS = YES;
				CLANG_WARN_DIRECT_OBJC_ISA_USAGE = YES_ERROR;
				CLANG_WARN_DOCUMENTATION_COMMENTS = YES;
				CLANG_WARN_EMPTY_BODY = YES;
				CLANG_WARN_ENUM_CONVERSION = YES;
				CLANG_WARN_INFINITE_RECURSION = YES;
				CLANG_WARN_INT_CONVERSION = YES;
				CLANG_WARN_NON_LITERAL_NULL_CONVERSION = YES;
				CLANG_WARN_OBJC_IMPLICIT_RETAIN_SELF = YES;
				CLANG_WARN_OBJC_LITERAL_CONVERSION = YES;
				CLANG_WARN_OBJC_ROOT_CLASS = YES_ERROR;
				CLANG_WARN_QUOTED_INCLUDE_IN_FRAMEWORK_HEADER = YES;
				CLANG_WARN_RANGE_LOOP_ANALYSIS = YES;
				CLANG_WARN_STRICT_PROTOTYPES = YES;
				CLANG_WARN_SUSPICIOUS_MOVE = YES;
				CLANG_WARN_UNGUARDED_AVAILABILITY = YES_AGGRESSIVE;
				CLANG_WARN_UNREACHABLE_CODE = YES;
				CLANG_WARN__DUPLICATE_METHOD_MATCH = YES;
				COPY_PHASE_STRIP = NO;
				DEBUG_INFORMATION_FORMAT = "dwarf-with-dsym";
				ENABLE_NS_ASSERTIONS = NO;
				ENABLE_STRICT_OBJC_MSGSEND = YES;
				GCC_C_LANGUAGE_STANDARD = gnu11;
				GCC_NO_COMMON_BLOCKS = YES;
				GCC_WARN_64_TO_32_BIT_CONVERSION = YES;
				GCC_WARN_ABOUT_RETURN_TYPE = YES_ERROR;
				GCC_WARN_UNDECLARED_SELECTOR = YES;
				GCC_WARN_UNINITIALIZED_AUTOS = YES_AGGRESSIVE;
				GCC_WARN_UNUSED_FUNCTION = YES;
				GCC_WARN_UNUSED_VARIABLE = YES;
				MTL_ENABLE_DEBUG_INFO = NO;
				MTL_FAST_MATH = YES;
				SWIFT_COMPILATION_MODE = wholemodule;
				SWIFT_OPTIMIZATION_LEVEL = "-O";
			};
			name = Release;
		};
		CAA04DFE293013D4005E806A /* Debug */ = {
			isa = XCBuildConfiguration;
			buildSettings = {
				ASSETCATALOG_COMPILER_APPICON_NAME = AppIcon;
				ASSETCATALOG_COMPILER_GLOBAL_ACCENT_COLOR_NAME = AccentColor;
				CODE_SIGN_ENTITLEMENTS = pickup/pickup.entitlements;
				CODE_SIGN_STYLE = Automatic;
				CURRENT_PROJECT_VERSION = 1;
				DEVELOPMENT_ASSET_PATHS = "\"pickup/Preview Content\"";
				ENABLE_PREVIEWS = YES;
				GENERATE_INFOPLIST_FILE = YES;
				"INFOPLIST_KEY_UIApplicationSceneManifest_Generation[sdk=iphoneos*]" = YES;
				"INFOPLIST_KEY_UIApplicationSceneManifest_Generation[sdk=iphonesimulator*]" = YES;
				"INFOPLIST_KEY_UIApplicationSupportsIndirectInputEvents[sdk=iphoneos*]" = YES;
				"INFOPLIST_KEY_UIApplicationSupportsIndirectInputEvents[sdk=iphonesimulator*]" = YES;
				"INFOPLIST_KEY_UILaunchScreen_Generation[sdk=iphoneos*]" = YES;
				"INFOPLIST_KEY_UILaunchScreen_Generation[sdk=iphonesimulator*]" = YES;
				"INFOPLIST_KEY_UIStatusBarStyle[sdk=iphoneos*]" = UIStatusBarStyleDefault;
				"INFOPLIST_KEY_UIStatusBarStyle[sdk=iphonesimulator*]" = UIStatusBarStyleDefault;
				INFOPLIST_KEY_UISupportedInterfaceOrientations_iPad = "UIInterfaceOrientationPortrait UIInterfaceOrientationPortraitUpsideDown UIInterfaceOrientationLandscapeLeft UIInterfaceOrientationLandscapeRight";
				INFOPLIST_KEY_UISupportedInterfaceOrientations_iPhone = "UIInterfaceOrientationPortrait UIInterfaceOrientationLandscapeLeft UIInterfaceOrientationLandscapeRight";
				IPHONEOS_DEPLOYMENT_TARGET = 16.0;
				LD_RUNPATH_SEARCH_PATHS = "@executable_path/Frameworks";
				"LD_RUNPATH_SEARCH_PATHS[sdk=macosx*]" = "@executable_path/../Frameworks";
				MACOSX_DEPLOYMENT_TARGET = 12.3;
				MARKETING_VERSION = 1.0;
				PRODUCT_BUNDLE_IDENTIFIER = personal.learning;
				PRODUCT_NAME = "$(TARGET_NAME)";
				SDKROOT = auto;
				SUPPORTED_PLATFORMS = "iphoneos iphonesimulator macosx";
				SWIFT_EMIT_LOC_STRINGS = YES;
				SWIFT_VERSION = 5.0;
				TARGETED_DEVICE_FAMILY = "1,2";
			};
			name = Debug;
		};
		CAA04DFF293013D4005E806A /* Release */ = {
			isa = XCBuildConfiguration;
			buildSettings = {
				ASSETCATALOG_COMPILER_APPICON_NAME = AppIcon;
				ASSETCATALOG_COMPILER_GLOBAL_ACCENT_COLOR_NAME = AccentColor;
				CODE_SIGN_ENTITLEMENTS = pickup/pickup.entitlements;
				CODE_SIGN_STYLE = Automatic;
				CURRENT_PROJECT_VERSION = 1;
				DEVELOPMENT_ASSET_PATHS = "\"pickup/Preview Content\"";
				ENABLE_PREVIEWS = YES;
				GENERATE_INFOPLIST_FILE = YES;
				"INFOPLIST_KEY_UIApplicationSceneManifest_Generation[sdk=iphoneos*]" = YES;
				"INFOPLIST_KEY_UIApplicationSceneManifest_Generation[sdk=iphonesimulator*]" = YES;
				"INFOPLIST_KEY_UIApplicationSupportsIndirectInputEvents[sdk=iphoneos*]" = YES;
				"INFOPLIST_KEY_UIApplicationSupportsIndirectInputEvents[sdk=iphonesimulator*]" = YES;
				"INFOPLIST_KEY_UILaunchScreen_Generation[sdk=iphoneos*]" = YES;
				"INFOPLIST_KEY_UILaunchScreen_Generation[sdk=iphonesimulator*]" = YES;
				"INFOPLIST_KEY_UIStatusBarStyle[sdk=iphoneos*]" = UIStatusBarStyleDefault;
				"INFOPLIST_KEY_UIStatusBarStyle[sdk=iphonesimulator*]" = UIStatusBarStyleDefault;
				INFOPLIST_KEY_UISupportedInterfaceOrientations_iPad = "UIInterfaceOrientationPortrait UIInterfaceOrientationPortraitUpsideDown UIInterfaceOrientationLandscapeLeft UIInterfaceOrientationLandscapeRight";
				INFOPLIST_KEY_UISupportedInterfaceOrientations_iPhone = "UIInterfaceOrientationPortrait UIInterfaceOrientationLandscapeLeft UIInterfaceOrientationLandscapeRight";
				IPHONEOS_DEPLOYMENT_TARGET = 16.0;
				LD_RUNPATH_SEARCH_PATHS = "@executable_path/Frameworks";
				"LD_RUNPATH_SEARCH_PATHS[sdk=macosx*]" = "@executable_path/../Frameworks";
				MACOSX_DEPLOYMENT_TARGET = 12.3;
				MARKETING_VERSION = 1.0;
				PRODUCT_BUNDLE_IDENTIFIER = personal.learning;
				PRODUCT_NAME = "$(TARGET_NAME)";
				SDKROOT = auto;
				SUPPORTED_PLATFORMS = "iphoneos iphonesimulator macosx";
				SWIFT_EMIT_LOC_STRINGS = YES;
				SWIFT_VERSION = 5.0;
				TARGETED_DEVICE_FAMILY = "1,2";
			};
			name = Release;
		};
		CAA04E01293013D4005E806A /* Debug */ = {
			isa = XCBuildConfiguration;
			buildSettings = {
				ALWAYS_EMBED_SWIFT_STANDARD_LIBRARIES = YES;
				BUNDLE_LOADER = "$(TEST_HOST)";
				CODE_SIGN_STYLE = Automatic;
				CURRENT_PROJECT_VERSION = 1;
				GENERATE_INFOPLIST_FILE = YES;
				IPHONEOS_DEPLOYMENT_TARGET = 16.0;
				MACOSX_DEPLOYMENT_TARGET = 12.3;
				MARKETING_VERSION = 1.0;
				PRODUCT_BUNDLE_IDENTIFIER = personal.learningTests;
				PRODUCT_NAME = "$(TARGET_NAME)";
				SDKROOT = auto;
				SUPPORTED_PLATFORMS = "iphoneos iphonesimulator macosx";
				SWIFT_EMIT_LOC_STRINGS = NO;
				SWIFT_VERSION = 5.0;
				TARGETED_DEVICE_FAMILY = "1,2";
				TEST_HOST = "$(BUILT_PRODUCTS_DIR)/PickUp.app/$(BUNDLE_EXECUTABLE_FOLDER_PATH)/PickUp";
			};
			name = Debug;
		};
		CAA04E02293013D4005E806A /* Release */ = {
			isa = XCBuildConfiguration;
			buildSettings = {
				ALWAYS_EMBED_SWIFT_STANDARD_LIBRARIES = YES;
				BUNDLE_LOADER = "$(TEST_HOST)";
				CODE_SIGN_STYLE = Automatic;
				CURRENT_PROJECT_VERSION = 1;
				GENERATE_INFOPLIST_FILE = YES;
				IPHONEOS_DEPLOYMENT_TARGET = 16.0;
				MACOSX_DEPLOYMENT_TARGET = 12.3;
				MARKETING_VERSION = 1.0;
				PRODUCT_BUNDLE_IDENTIFIER = personal.learningTests;
				PRODUCT_NAME = "$(TARGET_NAME)";
				SDKROOT = auto;
				SUPPORTED_PLATFORMS = "iphoneos iphonesimulator macosx";
				SWIFT_EMIT_LOC_STRINGS = NO;
				SWIFT_VERSION = 5.0;
				TARGETED_DEVICE_FAMILY = "1,2";
				TEST_HOST = "$(BUILT_PRODUCTS_DIR)/PickUp.app/$(BUNDLE_EXECUTABLE_FOLDER_PATH)/PickUp";
			};
			name = Release;
		};
		CAA04E04293013D4005E806A /* Debug */ = {
			isa = XCBuildConfiguration;
			buildSettings = {
				ALWAYS_EMBED_SWIFT_STANDARD_LIBRARIES = YES;
				CODE_SIGN_STYLE = Automatic;
				CURRENT_PROJECT_VERSION = 1;
				GENERATE_INFOPLIST_FILE = YES;
				IPHONEOS_DEPLOYMENT_TARGET = 16.0;
				MACOSX_DEPLOYMENT_TARGET = 12.3;
				MARKETING_VERSION = 1.0;
				PRODUCT_BUNDLE_IDENTIFIER = personal.learningUITests;
				PRODUCT_NAME = "$(TARGET_NAME)";
				SDKROOT = auto;
				SUPPORTED_PLATFORMS = "iphoneos iphonesimulator macosx";
				SWIFT_EMIT_LOC_STRINGS = NO;
				SWIFT_VERSION = 5.0;
				TARGETED_DEVICE_FAMILY = "1,2";
				TEST_TARGET_NAME = learning;
			};
			name = Debug;
		};
		CAA04E05293013D4005E806A /* Release */ = {
			isa = XCBuildConfiguration;
			buildSettings = {
				ALWAYS_EMBED_SWIFT_STANDARD_LIBRARIES = YES;
				CODE_SIGN_STYLE = Automatic;
				CURRENT_PROJECT_VERSION = 1;
				GENERATE_INFOPLIST_FILE = YES;
				IPHONEOS_DEPLOYMENT_TARGET = 16.0;
				MACOSX_DEPLOYMENT_TARGET = 12.3;
				MARKETING_VERSION = 1.0;
				PRODUCT_BUNDLE_IDENTIFIER = personal.learningUITests;
				PRODUCT_NAME = "$(TARGET_NAME)";
				SDKROOT = auto;
				SUPPORTED_PLATFORMS = "iphoneos iphonesimulator macosx";
				SWIFT_EMIT_LOC_STRINGS = NO;
				SWIFT_VERSION = 5.0;
				TARGETED_DEVICE_FAMILY = "1,2";
				TEST_TARGET_NAME = learning;
			};
			name = Release;
		};
/* End XCBuildConfiguration section */

/* Begin XCConfigurationList section */
		CAA04DD3293013D2005E806A /* Build configuration list for PBXProject "PickUp" */ = {
			isa = XCConfigurationList;
			buildConfigurations = (
				CAA04DFB293013D4005E806A /* Debug */,
				CAA04DFC293013D4005E806A /* Release */,
			);
			defaultConfigurationIsVisible = 0;
			defaultConfigurationName = Release;
		};
		CAA04DFD293013D4005E806A /* Build configuration list for PBXNativeTarget "PickUp" */ = {
			isa = XCConfigurationList;
			buildConfigurations = (
				CAA04DFE293013D4005E806A /* Debug */,
				CAA04DFF293013D4005E806A /* Release */,
			);
			defaultConfigurationIsVisible = 0;
			defaultConfigurationName = Release;
		};
		CAA04E00293013D4005E806A /* Build configuration list for PBXNativeTarget "PickUpTests" */ = {
			isa = XCConfigurationList;
			buildConfigurations = (
				CAA04E01293013D4005E806A /* Debug */,
				CAA04E02293013D4005E806A /* Release */,
			);
			defaultConfigurationIsVisible = 0;
			defaultConfigurationName = Release;
		};
		CAA04E03293013D4005E806A /* Build configuration list for PBXNativeTarget "PickUpUITests" */ = {
			isa = XCConfigurationList;
			buildConfigurations = (
				CAA04E04293013D4005E806A /* Debug */,
				CAA04E05293013D4005E806A /* Release */,
			);
			defaultConfigurationIsVisible = 0;
			defaultConfigurationName = Release;
		};
/* End XCConfigurationList section */
	};
	rootObject = CAA04DD0293013D2005E806A /* Project object */;
}
